
Microsoft Visual Studio Solution File, Format Version 12.00
# Visual Studio Version 16
VisualStudioVersion = 16.0.29215.179
MinimumVisualStudioVersion = 10.0.40219.1
Project("{FAE04EC0-301F-11D3-BF4B-00C04F79EFBC}") = "GraphicsExample", "GraphicsExample\GraphicsExample.csproj", "{E3453652-70E3-4B2C-9932-8088E72D70AE}"
EndProject
Global
	GlobalSection(SolutionConfigurationPlatforms) = preSolution
		Debug|Any CPU = Debug|Any CPU
		Release|Any CPU = Release|Any CPU
	EndGlobalSection
	GlobalSection(ProjectConfigurationPlatforms) = postSolution
		{E3453652-70E3-4B2C-9932-8088E72D70AE}.Debug|Any CPU.ActiveCfg = Debug|Any CPU
		{E3453652-70E3-4B2C-9932-8088E72D70AE}.Debug|Any CPU.Build.0 = Debug|Any CPU
		{E3453652-70E3-4B2C-9932-8088E72D70AE}.Release|Any CPU.ActiveCfg = Release|Any CPU
		{E3453652-70E3-4B2C-9932-8088E72D70AE}.Release|Any CPU.Build.0 = Release|Any CPU
	EndGlobalSection
	GlobalSection(SolutionProperties) = preSolution
		HideSolutionNode = FALSE
	EndGlobalSection
	GlobalSection(ExtensibilityGlobals) = postSolution
		SolutionGuid = {37A7CD07-01B6-410F-8851-871069E0E505}
	EndGlobalSection
EndGlobal
